
Microsoft Visual Studio Solution File, Format Version 12.00
# Visual Studio Version 17
VisualStudioVersion = 17.2.32630.192
MinimumVisualStudioVersion = 10.0.40219.1
Project("{8BC9CEB8-8B4A-11D0-8D11-00A0C91BC942}") = "Segments", "Segments\Segments.vcxproj", "{B0DFDF9E-43E6-42B3-9925-4A679F7CD281}"
EndProject
Project("{8BC9CEB8-8B4A-11D0-8D11-00A0C91BC942}") = "UnitTest", "UnitTest\UnitTest.vcxproj", "{E05BD6FE-0858-48BD-B7D6-6FE3FBEA54A3}"
EndProject
Global
	GlobalSection(SolutionConfigurationPlatforms) = preSolution
		Debug|x64 = Debug|x64
		Debug|x86 = Debug|x86
		Release|x64 = Release|x64
		Release|x86 = Release|x86
	EndGlobalSection
	GlobalSection(ProjectConfigurationPlatforms) = postSolution
		{B0DFDF9E-43E6-42B3-9925-4A679F7CD281}.Debug|x64.ActiveCfg = Debug|x64
		{B0DFDF9E-43E6-42B3-9925-4A679F7CD281}.Debug|x64.Build.0 = Debug|x64
		{B0DFDF9E-43E6-42B3-9925-4A679F7CD281}.Debug|x86.ActiveCfg = Debug|Win32
		{B0DFDF9E-43E6-42B3-9925-4A679F7CD281}.Debug|x86.Build.0 = Debug|Win32
		{B0DFDF9E-43E6-42B3-9925-4A679F7CD281}.Release|x64.ActiveCfg = Release|x64
		{B0DFDF9E-43E6-42B3-9925-4A679F7CD281}.Release|x64.Build.0 = Release|x64
		{B0DFDF9E-43E6-42B3-9925-4A679F7CD281}.Release|x86.ActiveCfg = Release|Win32
		{B0DFDF9E-43E6-42B3-9925-4A679F7CD281}.Release|x86.Build.0 = Release|Win32
		{E05BD6FE-0858-48BD-B7D6-6FE3FBEA54A3}.Debug|x64.ActiveCfg = Debug|x64
		{E05BD6FE-0858-48BD-B7D6-6FE3FBEA54A3}.Debug|x64.Build.0 = Debug|x64
		{E05BD6FE-0858-48BD-B7D6-6FE3FBEA54A3}.Debug|x86.ActiveCfg = Debug|Win32
		{E05BD6FE-0858-48BD-B7D6-6FE3FBEA54A3}.Debug|x86.Build.0 = Debug|Win32
		{E05BD6FE-0858-48BD-B7D6-6FE3FBEA54A3}.Release|x64.ActiveCfg = Release|x64
		{E05BD6FE-0858-48BD-B7D6-6FE3FBEA54A3}.Release|x64.Build.0 = Release|x64
		{E05BD6FE-0858-48BD-B7D6-6FE3FBEA54A3}.Release|x86.ActiveCfg = Release|Win32
		{E05BD6FE-0858-48BD-B7D6-6FE3FBEA54A3}.Release|x86.Build.0 = Release|Win32
	EndGlobalSection
	GlobalSection(SolutionProperties) = preSolution
		HideSolutionNode = FALSE
	EndGlobalSection
	GlobalSection(ExtensibilityGlobals) = postSolution
		SolutionGuid = {FB3A6A4C-4188-4C1F-888D-EB37598B52A9}
	EndGlobalSection
EndGlobal
